
Microsoft Visual Studio Solution File, Format Version 12.00
# Visual Studio Version 17
VisualStudioVersion = 17.9.34607.119
MinimumVisualStudioVersion = 10.0.40219.1
Project("{2150E333-8FDC-42A3-9474-1A3956D46DE8}") = "src", "src", "{4C47D373-AC49-4C1B-A5FB-06729A1C7236}"
EndProject
Project("{2150E333-8FDC-42A3-9474-1A3956D46DE8}") = "Test", "Test", "{1E8B9FA6-70B7-4687-8EAD-5985F0DE05B1}"
EndProject
Project("{FAE04EC0-301F-11D3-BF4B-00C04F79EFBC}") = "SimpleAPI", "SimpleAPI\SimpleAPI.csproj", "{C62EB683-AD97-4562-BB84-9EBDEA0CF49C}"
EndProject
Project("{FAE04EC0-301F-11D3-BF4B-00C04F79EFBC}") = "SimpleAPI.Test", "SimpleAPI.Test\SimpleAPI.Test.csproj", "{01A6A0A3-AA3D-4C79-90C0-43694D33B79B}"
EndProject
Global
	GlobalSection(SolutionConfigurationPlatforms) = preSolution
		Debug|Any CPU = Debug|Any CPU
		Release|Any CPU = Release|Any CPU
	EndGlobalSection
	GlobalSection(ProjectConfigurationPlatforms) = postSolution
		{C62EB683-AD97-4562-BB84-9EBDEA0CF49C}.Debug|Any CPU.ActiveCfg = Debug|Any CPU
		{C62EB683-AD97-4562-BB84-9EBDEA0CF49C}.Debug|Any CPU.Build.0 = Debug|Any CPU
		{C62EB683-AD97-4562-BB84-9EBDEA0CF49C}.Release|Any CPU.ActiveCfg = Release|Any CPU
		{C62EB683-AD97-4562-BB84-9EBDEA0CF49C}.Release|Any CPU.Build.0 = Release|Any CPU
		{01A6A0A3-AA3D-4C79-90C0-43694D33B79B}.Debug|Any CPU.ActiveCfg = Debug|Any CPU
		{01A6A0A3-AA3D-4C79-90C0-43694D33B79B}.Debug|Any CPU.Build.0 = Debug|Any CPU
		{01A6A0A3-AA3D-4C79-90C0-43694D33B79B}.Release|Any CPU.ActiveCfg = Release|Any CPU
		{01A6A0A3-AA3D-4C79-90C0-43694D33B79B}.Release|Any CPU.Build.0 = Release|Any CPU
	EndGlobalSection
	GlobalSection(SolutionProperties) = preSolution
		HideSolutionNode = FALSE
	EndGlobalSection
	GlobalSection(NestedProjects) = preSolution
		{C62EB683-AD97-4562-BB84-9EBDEA0CF49C} = {4C47D373-AC49-4C1B-A5FB-06729A1C7236}
		{01A6A0A3-AA3D-4C79-90C0-43694D33B79B} = {1E8B9FA6-70B7-4687-8EAD-5985F0DE05B1}
	EndGlobalSection
	GlobalSection(ExtensibilityGlobals) = postSolution
		SolutionGuid = {C568EDD9-D06E-4913-B409-C3F1F864FE60}
	EndGlobalSection
EndGlobal
